{
  "requires": true,
  "lockfileVersion": 1,
  "dependencies": {
    "chart.js": {
      "version": "3.5.0",
      "resolved": "https://registry.npmjs.org/chart.js/-/chart.js-3.5.0.tgz",
      "integrity": "sha512-J1a4EAb1Gi/KbhwDRmoovHTRuqT8qdF0kZ4XgwxpGethJHUdDrkqyPYwke0a+BuvSeUxPf8Cos6AX2AB8H8GLA=="
    }
  }
}
